
Microsoft Visual Studio Solution File, Format Version 12.00
# Visual Studio Version 17
VisualStudioVersion = 17.6.33815.320
MinimumVisualStudioVersion = 10.0.40219.1
Project("{FAE04EC0-301F-11D3-BF4B-00C04F79EFBC}") = "jegyekAPI", "jegyekAPI\jegyekAPI.csproj", "{AC2EA997-C203-42D2-8EE3-361D292249AE}"
EndProject
Global
	GlobalSection(SolutionConfigurationPlatforms) = preSolution
		Debug|Any CPU = Debug|Any CPU
		Release|Any CPU = Release|Any CPU
	EndGlobalSection
	GlobalSection(ProjectConfigurationPlatforms) = postSolution
		{AC2EA997-C203-42D2-8EE3-361D292249AE}.Debug|Any CPU.ActiveCfg = Debug|Any CPU
		{AC2EA997-C203-42D2-8EE3-361D292249AE}.Debug|Any CPU.Build.0 = Debug|Any CPU
		{AC2EA997-C203-42D2-8EE3-361D292249AE}.Release|Any CPU.ActiveCfg = Release|Any CPU
		{AC2EA997-C203-42D2-8EE3-361D292249AE}.Release|Any CPU.Build.0 = Release|Any CPU
	EndGlobalSection
	GlobalSection(SolutionProperties) = preSolution
		HideSolutionNode = FALSE
	EndGlobalSection
	GlobalSection(ExtensibilityGlobals) = postSolution
		SolutionGuid = {B3EBEECC-266F-4011-8330-AE24078C949C}
	EndGlobalSection
EndGlobal
